
Microsoft Visual Studio Solution File, Format Version 12.00
# Visual Studio Version 17
VisualStudioVersion = 17.9.34728.123
MinimumVisualStudioVersion = 10.0.40219.1
Project("{9A19103F-16F7-4668-BE54-9A1E7A4F7556}") = "Web", "src\Web\Web.csproj", "{1E4CCE8B-EADE-4CDD-9F10-C8EDEB60A1EC}"
EndProject
Project("{9A19103F-16F7-4668-BE54-9A1E7A4F7556}") = "ApplicationCore", "src\ApplicationCore\ApplicationCore.csproj", "{B785277E-07A2-4496-996E-80EA0EF264C6}"
EndProject
Project("{9A19103F-16F7-4668-BE54-9A1E7A4F7556}") = "Infrastructure", "src\Infrastructure\Infrastructure.csproj", "{3CDADFB2-8E94-45CD-8694-904B32D4BBA0}"
EndProject
Project("{9A19103F-16F7-4668-BE54-9A1E7A4F7556}") = "Presentation", "src\Presentation\Presentation.csproj", "{AD6490BE-645B-429E-BE0A-E294B14388A8}"
EndProject
Project("{2150E333-8FDC-42A3-9474-1A3956D46DE8}") = "src", "src", "{1EE8F3ED-F37D-4404-831B-02EBF33D4C45}"
EndProject
Project("{2150E333-8FDC-42A3-9474-1A3956D46DE8}") = "tests", "tests", "{389DCA5F-3C20-4349-A44C-F0D63D80CA5E}"
EndProject
Project("{FAE04EC0-301F-11D3-BF4B-00C04F79EFBC}") = "UnitTests", "tests\UnitTests\UnitTests.csproj", "{7CF22192-BFFD-4C2F-BD7E-AD7D15273834}"
EndProject
Global
	GlobalSection(SolutionConfigurationPlatforms) = preSolution
		Debug|Any CPU = Debug|Any CPU
		Release|Any CPU = Release|Any CPU
	EndGlobalSection
	GlobalSection(ProjectConfigurationPlatforms) = postSolution
		{1E4CCE8B-EADE-4CDD-9F10-C8EDEB60A1EC}.Debug|Any CPU.ActiveCfg = Debug|Any CPU
		{1E4CCE8B-EADE-4CDD-9F10-C8EDEB60A1EC}.Debug|Any CPU.Build.0 = Debug|Any CPU
		{1E4CCE8B-EADE-4CDD-9F10-C8EDEB60A1EC}.Release|Any CPU.ActiveCfg = Release|Any CPU
		{1E4CCE8B-EADE-4CDD-9F10-C8EDEB60A1EC}.Release|Any CPU.Build.0 = Release|Any CPU
		{B785277E-07A2-4496-996E-80EA0EF264C6}.Debug|Any CPU.ActiveCfg = Debug|Any CPU
		{B785277E-07A2-4496-996E-80EA0EF264C6}.Debug|Any CPU.Build.0 = Debug|Any CPU
		{B785277E-07A2-4496-996E-80EA0EF264C6}.Release|Any CPU.ActiveCfg = Release|Any CPU
		{B785277E-07A2-4496-996E-80EA0EF264C6}.Release|Any CPU.Build.0 = Release|Any CPU
		{3CDADFB2-8E94-45CD-8694-904B32D4BBA0}.Debug|Any CPU.ActiveCfg = Debug|Any CPU
		{3CDADFB2-8E94-45CD-8694-904B32D4BBA0}.Debug|Any CPU.Build.0 = Debug|Any CPU
		{3CDADFB2-8E94-45CD-8694-904B32D4BBA0}.Release|Any CPU.ActiveCfg = Release|Any CPU
		{3CDADFB2-8E94-45CD-8694-904B32D4BBA0}.Release|Any CPU.Build.0 = Release|Any CPU
		{AD6490BE-645B-429E-BE0A-E294B14388A8}.Debug|Any CPU.ActiveCfg = Debug|Any CPU
		{AD6490BE-645B-429E-BE0A-E294B14388A8}.Debug|Any CPU.Build.0 = Debug|Any CPU
		{AD6490BE-645B-429E-BE0A-E294B14388A8}.Release|Any CPU.ActiveCfg = Release|Any CPU
		{AD6490BE-645B-429E-BE0A-E294B14388A8}.Release|Any CPU.Build.0 = Release|Any CPU
		{7CF22192-BFFD-4C2F-BD7E-AD7D15273834}.Debug|Any CPU.ActiveCfg = Debug|Any CPU
		{7CF22192-BFFD-4C2F-BD7E-AD7D15273834}.Debug|Any CPU.Build.0 = Debug|Any CPU
		{7CF22192-BFFD-4C2F-BD7E-AD7D15273834}.Release|Any CPU.ActiveCfg = Release|Any CPU
		{7CF22192-BFFD-4C2F-BD7E-AD7D15273834}.Release|Any CPU.Build.0 = Release|Any CPU
	EndGlobalSection
	GlobalSection(SolutionProperties) = preSolution
		HideSolutionNode = FALSE
	EndGlobalSection
	GlobalSection(NestedProjects) = preSolution
		{1E4CCE8B-EADE-4CDD-9F10-C8EDEB60A1EC} = {1EE8F3ED-F37D-4404-831B-02EBF33D4C45}
		{B785277E-07A2-4496-996E-80EA0EF264C6} = {1EE8F3ED-F37D-4404-831B-02EBF33D4C45}
		{3CDADFB2-8E94-45CD-8694-904B32D4BBA0} = {1EE8F3ED-F37D-4404-831B-02EBF33D4C45}
		{AD6490BE-645B-429E-BE0A-E294B14388A8} = {1EE8F3ED-F37D-4404-831B-02EBF33D4C45}
		{7CF22192-BFFD-4C2F-BD7E-AD7D15273834} = {389DCA5F-3C20-4349-A44C-F0D63D80CA5E}
	EndGlobalSection
	GlobalSection(ExtensibilityGlobals) = postSolution
		SolutionGuid = {14957D68-4FEB-454D-98D8-6E86FE2C8CA9}
	EndGlobalSection
EndGlobal
